
Microsoft Visual Studio Solution File, Format Version 12.00
# Visual Studio Version 17
VisualStudioVersion = 17.5.002.0
MinimumVisualStudioVersion = 10.0.40219.1
Project("{2150E333-8FDC-42A3-9474-1A3956D46DE8}") = "csharp-prep", "csharp-prep", "{197B1CE8-D83D-4BE4-9ADA-FBF415C2FBC8}"
EndProject
Project("{9A19103F-16F7-4668-BE54-9A1E7A4F7556}") = "Prep1", "csharp-prep\Prep1\Prep1.csproj", "{02635D6F-0644-41FD-B612-721DA339ED02}"
EndProject
Project("{9A19103F-16F7-4668-BE54-9A1E7A4F7556}") = "Prep2", "csharp-prep\Prep2\Prep2.csproj", "{E9C039BE-53C5-48FB-9F81-D40D983C1D13}"
EndProject
Project("{9A19103F-16F7-4668-BE54-9A1E7A4F7556}") = "Prep3", "csharp-prep\Prep3\Prep3.csproj", "{10C3111B-AA8E-4F84-89A0-3F6FC83BAFDB}"
EndProject
Project("{9A19103F-16F7-4668-BE54-9A1E7A4F7556}") = "Prep4", "csharp-prep\Prep4\Prep4.csproj", "{E11F6BF3-469B-4162-98A6-D3123A8DE74E}"
EndProject
Project("{9A19103F-16F7-4668-BE54-9A1E7A4F7556}") = "Prep5", "csharp-prep\Prep5\Prep5.csproj", "{464F8E74-6279-494B-B0A9-571FE910D1BF}"
EndProject
Project("{2150E333-8FDC-42A3-9474-1A3956D46DE8}") = "final", "final", "{C018C389-68ED-4B6A-9D95-44FA1590B873}"
EndProject
Project("{9A19103F-16F7-4668-BE54-9A1E7A4F7556}") = "FinalProject", "final\FinalProject\FinalProject.csproj", "{65B29775-86B1-4479-9911-6C4B96171104}"
EndProject
Project("{9A19103F-16F7-4668-BE54-9A1E7A4F7556}") = "Foundation1", "final\Foundation1\Foundation1.csproj", "{11732F67-021A-45CE-B921-B6A41D40D412}"
EndProject
Project("{9A19103F-16F7-4668-BE54-9A1E7A4F7556}") = "Foundation2", "final\Foundation2\Foundation2.csproj", "{94D9E91B-4EE2-4D6C-9715-8B4400AB1E59}"
EndProject
Project("{9A19103F-16F7-4668-BE54-9A1E7A4F7556}") = "Foundation3", "final\Foundation3\Foundation3.csproj", "{54B0CDC7-7B66-46D5-B100-740FE8F476AD}"
EndProject
Project("{9A19103F-16F7-4668-BE54-9A1E7A4F7556}") = "Foundation4", "final\Foundation4\Foundation4.csproj", "{53C94F48-ACFC-45B7-855F-2668FF23B133}"
EndProject
Project("{2150E333-8FDC-42A3-9474-1A3956D46DE8}") = "prepare", "prepare", "{197ECBC2-E66C-42FD-B2F6-0D9ADB90397F}"
EndProject
Project("{9A19103F-16F7-4668-BE54-9A1E7A4F7556}") = "Learning02", "prepare\Learning02\Learning02.csproj", "{3EC294AD-AF08-49E9-AB02-91CC1D95A625}"
EndProject
Project("{9A19103F-16F7-4668-BE54-9A1E7A4F7556}") = "Learning03", "prepare\Learning03\Learning03.csproj", "{F75FC690-8D80-40A4-AEB3-FD712F431782}"
EndProject
Project("{9A19103F-16F7-4668-BE54-9A1E7A4F7556}") = "Learning04", "prepare\Learning04\Learning04.csproj", "{8B5DCDC0-646D-4303-BCA9-F11AA5CC9975}"
EndProject
Project("{9A19103F-16F7-4668-BE54-9A1E7A4F7556}") = "Learning05", "prepare\Learning05\Learning05.csproj", "{A0957C28-08AA-41BE-A43D-36E6157E70AA}"
EndProject
Project("{2150E333-8FDC-42A3-9474-1A3956D46DE8}") = "prove", "prove", "{0D9FE329-B20C-47A1-99AB-67069232479D}"
EndProject
Project("{9A19103F-16F7-4668-BE54-9A1E7A4F7556}") = "Develop02", "prove\Develop02\Develop02.csproj", "{CEDCC20C-9B8E-4BF3-B5FF-3D8E790CD59A}"
EndProject
Project("{9A19103F-16F7-4668-BE54-9A1E7A4F7556}") = "Develop03", "prove\Develop03\Develop03.csproj", "{ABE6864E-8AA4-4012-A46D-EFDC2A2D1D60}"
EndProject
Project("{9A19103F-16F7-4668-BE54-9A1E7A4F7556}") = "Develop04", "prove\Develop04\Develop04.csproj", "{5DBA9699-7D35-4BBC-AB5A-66E76592B729}"
EndProject
Project("{9A19103F-16F7-4668-BE54-9A1E7A4F7556}") = "Develop05", "prove\Develop05\Develop05.csproj", "{91CCAAC8-DDE4-4516-9EA0-01F71C8C0B26}"
EndProject
Project("{2150E333-8FDC-42A3-9474-1A3956D46DE8}") = "sandbox", "sandbox", "{7F802F55-DBAC-4AF8-9FB0-64B592B35519}"
EndProject
Project("{9A19103F-16F7-4668-BE54-9A1E7A4F7556}") = "Sandbox", "sandbox\Sandbox\Sandbox.csproj", "{AA8E05DC-B2A7-402F-8163-7FE12C634BF9}"
EndProject
Global
	GlobalSection(SolutionConfigurationPlatforms) = preSolution
		Debug|Any CPU = Debug|Any CPU
		Release|Any CPU = Release|Any CPU
	EndGlobalSection
	GlobalSection(ProjectConfigurationPlatforms) = postSolution
		{02635D6F-0644-41FD-B612-721DA339ED02}.Debug|Any CPU.ActiveCfg = Debug|Any CPU
		{02635D6F-0644-41FD-B612-721DA339ED02}.Debug|Any CPU.Build.0 = Debug|Any CPU
		{02635D6F-0644-41FD-B612-721DA339ED02}.Release|Any CPU.ActiveCfg = Release|Any CPU
		{02635D6F-0644-41FD-B612-721DA339ED02}.Release|Any CPU.Build.0 = Release|Any CPU
		{E9C039BE-53C5-48FB-9F81-D40D983C1D13}.Debug|Any CPU.ActiveCfg = Debug|Any CPU
		{E9C039BE-53C5-48FB-9F81-D40D983C1D13}.Debug|Any CPU.Build.0 = Debug|Any CPU
		{E9C039BE-53C5-48FB-9F81-D40D983C1D13}.Release|Any CPU.ActiveCfg = Release|Any CPU
		{E9C039BE-53C5-48FB-9F81-D40D983C1D13}.Release|Any CPU.Build.0 = Release|Any CPU
		{10C3111B-AA8E-4F84-89A0-3F6FC83BAFDB}.Debug|Any CPU.ActiveCfg = Debug|Any CPU
		{10C3111B-AA8E-4F84-89A0-3F6FC83BAFDB}.Debug|Any CPU.Build.0 = Debug|Any CPU
		{10C3111B-AA8E-4F84-89A0-3F6FC83BAFDB}.Release|Any CPU.ActiveCfg = Release|Any CPU
		{10C3111B-AA8E-4F84-89A0-3F6FC83BAFDB}.Release|Any CPU.Build.0 = Release|Any CPU
		{E11F6BF3-469B-4162-98A6-D3123A8DE74E}.Debug|Any CPU.ActiveCfg = Debug|Any CPU
		{E11F6BF3-469B-4162-98A6-D3123A8DE74E}.Debug|Any CPU.Build.0 = Debug|Any CPU
		{E11F6BF3-469B-4162-98A6-D3123A8DE74E}.Release|Any CPU.ActiveCfg = Release|Any CPU
		{E11F6BF3-469B-4162-98A6-D3123A8DE74E}.Release|Any CPU.Build.0 = Release|Any CPU
		{464F8E74-6279-494B-B0A9-571FE910D1BF}.Debug|Any CPU.ActiveCfg = Debug|Any CPU
		{464F8E74-6279-494B-B0A9-571FE910D1BF}.Debug|Any CPU.Build.0 = Debug|Any CPU
		{464F8E74-6279-494B-B0A9-571FE910D1BF}.Release|Any CPU.ActiveCfg = Release|Any CPU
		{464F8E74-6279-494B-B0A9-571FE910D1BF}.Release|Any CPU.Build.0 = Release|Any CPU
		{65B29775-86B1-4479-9911-6C4B96171104}.Debug|Any CPU.ActiveCfg = Debug|Any CPU
		{65B29775-86B1-4479-9911-6C4B96171104}.Debug|Any CPU.Build.0 = Debug|Any CPU
		{65B29775-86B1-4479-9911-6C4B96171104}.Release|Any CPU.ActiveCfg = Release|Any CPU
		{65B29775-86B1-4479-9911-6C4B96171104}.Release|Any CPU.Build.0 = Release|Any CPU
		{11732F67-021A-45CE-B921-B6A41D40D412}.Debug|Any CPU.ActiveCfg = Debug|Any CPU
		{11732F67-021A-45CE-B921-B6A41D40D412}.Debug|Any CPU.Build.0 = Debug|Any CPU
		{11732F67-021A-45CE-B921-B6A41D40D412}.Release|Any CPU.ActiveCfg = Release|Any CPU
		{11732F67-021A-45CE-B921-B6A41D40D412}.Release|Any CPU.Build.0 = Release|Any CPU
		{94D9E91B-4EE2-4D6C-9715-8B4400AB1E59}.Debug|Any CPU.ActiveCfg = Debug|Any CPU
		{94D9E91B-4EE2-4D6C-9715-8B4400AB1E59}.Debug|Any CPU.Build.0 = Debug|Any CPU
		{94D9E91B-4EE2-4D6C-9715-8B4400AB1E59}.Release|Any CPU.ActiveCfg = Release|Any CPU
		{94D9E91B-4EE2-4D6C-9715-8B4400AB1E59}.Release|Any CPU.Build.0 = Release|Any CPU
		{54B0CDC7-7B66-46D5-B100-740FE8F476AD}.Debug|Any CPU.ActiveCfg = Debug|Any CPU
		{54B0CDC7-7B66-46D5-B100-740FE8F476AD}.Debug|Any CPU.Build.0 = Debug|Any CPU
		{54B0CDC7-7B66-46D5-B100-740FE8F476AD}.Release|Any CPU.ActiveCfg = Release|Any CPU
		{54B0CDC7-7B66-46D5-B100-740FE8F476AD}.Release|Any CPU.Build.0 = Release|Any CPU
		{53C94F48-ACFC-45B7-855F-2668FF23B133}.Debug|Any CPU.ActiveCfg = Debug|Any CPU
		{53C94F48-ACFC-45B7-855F-2668FF23B133}.Debug|Any CPU.Build.0 = Debug|Any CPU
		{53C94F48-ACFC-45B7-855F-2668FF23B133}.Release|Any CPU.ActiveCfg = Release|Any CPU
		{53C94F48-ACFC-45B7-855F-2668FF23B133}.Release|Any CPU.Build.0 = Release|Any CPU
		{3EC294AD-AF08-49E9-AB02-91CC1D95A625}.Debug|Any CPU.ActiveCfg = Debug|Any CPU
		{3EC294AD-AF08-49E9-AB02-91CC1D95A625}.Debug|Any CPU.Build.0 = Debug|Any CPU
		{3EC294AD-AF08-49E9-AB02-91CC1D95A625}.Release|Any CPU.ActiveCfg = Release|Any CPU
		{3EC294AD-AF08-49E9-AB02-91CC1D95A625}.Release|Any CPU.Build.0 = Release|Any CPU
		{F75FC690-8D80-40A4-AEB3-FD712F431782}.Debug|Any CPU.ActiveCfg = Debug|Any CPU
		{F75FC690-8D80-40A4-AEB3-FD712F431782}.Debug|Any CPU.Build.0 = Debug|Any CPU
		{F75FC690-8D80-40A4-AEB3-FD712F431782}.Release|Any CPU.ActiveCfg = Release|Any CPU
		{F75FC690-8D80-40A4-AEB3-FD712F431782}.Release|Any CPU.Build.0 = Release|Any CPU
		{8B5DCDC0-646D-4303-BCA9-F11AA5CC9975}.Debug|Any CPU.ActiveCfg = Debug|Any CPU
		{8B5DCDC0-646D-4303-BCA9-F11AA5CC9975}.Debug|Any CPU.Build.0 = Debug|Any CPU
		{8B5DCDC0-646D-4303-BCA9-F11AA5CC9975}.Release|Any CPU.ActiveCfg = Release|Any CPU
		{8B5DCDC0-646D-4303-BCA9-F11AA5CC9975}.Release|Any CPU.Build.0 = Release|Any CPU
		{A0957C28-08AA-41BE-A43D-36E6157E70AA}.Debug|Any CPU.ActiveCfg = Debug|Any CPU
		{A0957C28-08AA-41BE-A43D-36E6157E70AA}.Debug|Any CPU.Build.0 = Debug|Any CPU
		{A0957C28-08AA-41BE-A43D-36E6157E70AA}.Release|Any CPU.ActiveCfg = Release|Any CPU
		{A0957C28-08AA-41BE-A43D-36E6157E70AA}.Release|Any CPU.Build.0 = Release|Any CPU
		{CEDCC20C-9B8E-4BF3-B5FF-3D8E790CD59A}.Debug|Any CPU.ActiveCfg = Debug|Any CPU
		{CEDCC20C-9B8E-4BF3-B5FF-3D8E790CD59A}.Debug|Any CPU.Build.0 = Debug|Any CPU
		{CEDCC20C-9B8E-4BF3-B5FF-3D8E790CD59A}.Release|Any CPU.ActiveCfg = Release|Any CPU
		{CEDCC20C-9B8E-4BF3-B5FF-3D8E790CD59A}.Release|Any CPU.Build.0 = Release|Any CPU
		{ABE6864E-8AA4-4012-A46D-EFDC2A2D1D60}.Debug|Any CPU.ActiveCfg = Debug|Any CPU
		{ABE6864E-8AA4-4012-A46D-EFDC2A2D1D60}.Debug|Any CPU.Build.0 = Debug|Any CPU
		{ABE6864E-8AA4-4012-A46D-EFDC2A2D1D60}.Release|Any CPU.ActiveCfg = Release|Any CPU
		{ABE6864E-8AA4-4012-A46D-EFDC2A2D1D60}.Release|Any CPU.Build.0 = Release|Any CPU
		{5DBA9699-7D35-4BBC-AB5A-66E76592B729}.Debug|Any CPU.ActiveCfg = Debug|Any CPU
		{5DBA9699-7D35-4BBC-AB5A-66E76592B729}.Debug|Any CPU.Build.0 = Debug|Any CPU
		{5DBA9699-7D35-4BBC-AB5A-66E76592B729}.Release|Any CPU.ActiveCfg = Release|Any CPU
		{5DBA9699-7D35-4BBC-AB5A-66E76592B729}.Release|Any CPU.Build.0 = Release|Any CPU
		{91CCAAC8-DDE4-4516-9EA0-01F71C8C0B26}.Debug|Any CPU.ActiveCfg = Debug|Any CPU
		{91CCAAC8-DDE4-4516-9EA0-01F71C8C0B26}.Debug|Any CPU.Build.0 = Debug|Any CPU
		{91CCAAC8-DDE4-4516-9EA0-01F71C8C0B26}.Release|Any CPU.ActiveCfg = Release|Any CPU
		{91CCAAC8-DDE4-4516-9EA0-01F71C8C0B26}.Release|Any CPU.Build.0 = Release|Any CPU
		{AA8E05DC-B2A7-402F-8163-7FE12C634BF9}.Debug|Any CPU.ActiveCfg = Debug|Any CPU
		{AA8E05DC-B2A7-402F-8163-7FE12C634BF9}.Debug|Any CPU.Build.0 = Debug|Any CPU
		{AA8E05DC-B2A7-402F-8163-7FE12C634BF9}.Release|Any CPU.ActiveCfg = Release|Any CPU
		{AA8E05DC-B2A7-402F-8163-7FE12C634BF9}.Release|Any CPU.Build.0 = Release|Any CPU
	EndGlobalSection
	GlobalSection(SolutionProperties) = preSolution
		HideSolutionNode = FALSE
	EndGlobalSection
	GlobalSection(NestedProjects) = preSolution
		{02635D6F-0644-41FD-B612-721DA339ED02} = {197B1CE8-D83D-4BE4-9ADA-FBF415C2FBC8}
		{E9C039BE-53C5-48FB-9F81-D40D983C1D13} = {197B1CE8-D83D-4BE4-9ADA-FBF415C2FBC8}
		{10C3111B-AA8E-4F84-89A0-3F6FC83BAFDB} = {197B1CE8-D83D-4BE4-9ADA-FBF415C2FBC8}
		{E11F6BF3-469B-4162-98A6-D3123A8DE74E} = {197B1CE8-D83D-4BE4-9ADA-FBF415C2FBC8}
		{464F8E74-6279-494B-B0A9-571FE910D1BF} = {197B1CE8-D83D-4BE4-9ADA-FBF415C2FBC8}
		{65B29775-86B1-4479-9911-6C4B96171104} = {C018C389-68ED-4B6A-9D95-44FA1590B873}
		{11732F67-021A-45CE-B921-B6A41D40D412} = {C018C389-68ED-4B6A-9D95-44FA1590B873}
		{94D9E91B-4EE2-4D6C-9715-8B4400AB1E59} = {C018C389-68ED-4B6A-9D95-44FA1590B873}
		{54B0CDC7-7B66-46D5-B100-740FE8F476AD} = {C018C389-68ED-4B6A-9D95-44FA1590B873}
		{53C94F48-ACFC-45B7-855F-2668FF23B133} = {C018C389-68ED-4B6A-9D95-44FA1590B873}
		{3EC294AD-AF08-49E9-AB02-91CC1D95A625} = {197ECBC2-E66C-42FD-B2F6-0D9ADB90397F}
		{F75FC690-8D80-40A4-AEB3-FD712F431782} = {197ECBC2-E66C-42FD-B2F6-0D9ADB90397F}
		{8B5DCDC0-646D-4303-BCA9-F11AA5CC9975} = {197ECBC2-E66C-42FD-B2F6-0D9ADB90397F}
		{A0957C28-08AA-41BE-A43D-36E6157E70AA} = {197ECBC2-E66C-42FD-B2F6-0D9ADB90397F}
		{CEDCC20C-9B8E-4BF3-B5FF-3D8E790CD59A} = {0D9FE329-B20C-47A1-99AB-67069232479D}
		{ABE6864E-8AA4-4012-A46D-EFDC2A2D1D60} = {0D9FE329-B20C-47A1-99AB-67069232479D}
		{5DBA9699-7D35-4BBC-AB5A-66E76592B729} = {0D9FE329-B20C-47A1-99AB-67069232479D}
		{91CCAAC8-DDE4-4516-9EA0-01F71C8C0B26} = {0D9FE329-B20C-47A1-99AB-67069232479D}
		{AA8E05DC-B2A7-402F-8163-7FE12C634BF9} = {7F802F55-DBAC-4AF8-9FB0-64B592B35519}
	EndGlobalSection
	GlobalSection(ExtensibilityGlobals) = postSolution
		SolutionGuid = {8059B10E-C776-494C-8100-150C2CFF3CE6}
	EndGlobalSection
EndGlobal
